// !$*UTF8*$!
{
	archiveVersion = 1;
	classes = {
	};
	objectVersion = 50;
	objects = {

/* Begin PBXBuildFile section */
		42016F76217C4280000D0EDD /* AppDelegate.swift in Sources */ = {isa = PBXBuildFile; fileRef = 42016F75217C4280000D0EDD /* AppDelegate.swift */; };
		42016F78217C4280000D0EDD /* ViewController.swift in Sources */ = {isa = PBXBuildFile; fileRef = 42016F77217C4280000D0EDD /* ViewController.swift */; };
		42016F7B217C4280000D0EDD /* Main.storyboard in Resources */ = {isa = PBXBuildFile; fileRef = 42016F79217C4280000D0EDD /* Main.storyboard */; };
		42016F7D217C4282000D0EDD /* Assets.xcassets in Resources */ = {isa = PBXBuildFile; fileRef = 42016F7C217C4282000D0EDD /* Assets.xcassets */; };
		42016F80217C4282000D0EDD /* LaunchScreen.storyboard in Resources */ = {isa = PBXBuildFile; fileRef = 42016F7E217C4282000D0EDD /* LaunchScreen.storyboard */; };
		42016F8B217C4282000D0EDD /* FlightBookingAppTests.swift in Sources */ = {isa = PBXBuildFile; fileRef = 42016F8A217C4282000D0EDD /* FlightBookingAppTests.swift */; };
/* End PBXBuildFile section */

/* Begin PBXContainerItemProxy section */
		42016F87217C4282000D0EDD /* PBXContainerItemProxy */ = {
			isa = PBXContainerItemProxy;
			containerPortal = 42016F6A217C4280000D0EDD /* Project object */;
			proxyType = 1;
			remoteGlobalIDString = 42016F71217C4280000D0EDD;
			remoteInfo = FlightBookingApp;
		};
/* End PBXContainerItemProxy section */

/* Begin PBXFileReference section */
		42016F72217C4280000D0EDD /* FlightBookingApp.app */ = {isa = PBXFileReference; explicitFileType = wrapper.application; includeInIndex = 0; path = FlightBookingApp.app; sourceTree = BUILT_PRODUCTS_DIR; };
		42016F75217C4280000D0EDD /* AppDelegate.swift */ = {isa = PBXFileReference; lastKnownFileType = sourcecode.swift; path = AppDelegate.swift; sourceTree = "<group>"; };
		42016F77217C4280000D0EDD /* ViewController.swift */ = {isa = PBXFileReference; lastKnownFileType = sourcecode.swift; path = ViewController.swift; sourceTree = "<group>"; };
		42016F7A217C4280000D0EDD /* Base */ = {isa = PBXFileReference; lastKnownFileType = file.storyboard; name = Base; path = Base.lproj/Main.storyboard; sourceTree = "<group>"; };
		42016F7C217C4282000D0EDD /* Assets.xcassets */ = {isa = PBXFileReference; lastKnownFileType = folder.assetcatalog; path = Assets.xcassets; sourceTree = "<group>"; };
		42016F7F217C4282000D0EDD /* Base */ = {isa = PBXFileReference; lastKnownFileType = file.storyboard; name = Base; path = Base.lproj/LaunchScreen.storyboard; sourceTree = "<group>"; };
		42016F81217C4282000D0EDD /* Info.plist */ = {isa = PBXFileReference; lastKnownFileType = text.plist.xml; path = Info.plist; sourceTree = "<group>"; };
		42016F86217C4282000D0EDD /* FlightBookingAppTests.xctest */ = {isa = PBXFileReference; explicitFileType = wrapper.cfbundle; includeInIndex = 0; path = FlightBookingAppTests.xctest; sourceTree = BUILT_PRODUCTS_DIR; };
		42016F8A217C4282000D0EDD /* FlightBookingAppTests.swift */ = {isa = PBXFileReference; lastKnownFileType = sourcecode.swift; path = FlightBookingAppTests.swift; sourceTree = "<group>"; };
		42016F8C217C4282000D0EDD /* Info.plist */ = {isa = PBXFileReference; lastKnownFileType = text.plist.xml; path = Info.plist; sourceTree = "<group>"; };
/* End PBXFileReference section */

/* Begin PBXFrameworksBuildPhase section */
		42016F6F217C4280000D0EDD /* Frameworks */ = {
			isa = PBXFrameworksBuildPhase;
			buildActionMask = 2147483647;
			files = (
			);
			runOnlyForDeploymentPostprocessing = 0;
		};
		42016F83217C4282000D0EDD /* Frameworks */ = {
			isa = PBXFrameworksBuildPhase;
			buildActionMask = 2147483647;
			files = (
			);
			runOnlyForDeploymentPostprocessing = 0;
		};
/* End PBXFrameworksBuildPhase section */

/* Begin PBXGroup section */
		42016F69217C4280000D0EDD = {
			isa = PBXGroup;
			children = (
				42016F74217C4280000D0EDD /* FlightBookingApp */,
				42016F89217C4282000D0EDD /* FlightBookingAppTests */,
				42016F73217C4280000D0EDD /* Products */,
			);
			sourceTree = "<group>";
		};
		42016F73217C4280000D0EDD /* Products */ = {
			isa = PBXGroup;
			children = (
				42016F72217C4280000D0EDD /* FlightBookingApp.app */,
				42016F86217C4282000D0EDD /* FlightBookingAppTests.xctest */,
			);
			name = Products;
			sourceTree = "<group>";
		};
		42016F74217C4280000D0EDD /* FlightBookingApp */ = {
			isa = PBXGroup;
			children = (
				42016F75217C4280000D0EDD /* AppDelegate.swift */,
				42016F77217C4280000D0EDD /* ViewController.swift */,
				42016F79217C4280000D0EDD /* Main.storyboard */,
				42016F7C217C4282000D0EDD /* Assets.xcassets */,
				42016F7E217C4282000D0EDD /* LaunchScreen.storyboard */,
				42016F81217C4282000D0EDD /* Info.plist */,
			);
			path = FlightBookingApp;
			sourceTree = "<group>";
		};
		42016F89217C4282000D0EDD /* FlightBookingAppTests */ = {
			isa = PBXGroup;
			children = (
				42016F8A217C4282000D0EDD /* FlightBookingAppTests.swift */,
				42016F8C217C4282000D0EDD /* Info.plist */,
			);
			path = FlightBookingAppTests;
			sourceTree = "<group>";
		};
/* End PBXGroup section */

/* Begin PBXNativeTarget section */
		42016F71217C4280000D0EDD /* FlightBookingApp */ = {
			isa = PBXNativeTarget;
			buildConfigurationList = 42016F8F217C4282000D0EDD /* Build configuration list for PBXNativeTarget "FlightBookingApp" */;
			buildPhases = (
				42016F6E217C4280000D0EDD /* Sources */,
				42016F6F217C4280000D0EDD /* Frameworks */,
				42016F70217C4280000D0EDD /* Resources */,
			);
			buildRules = (
			);
			dependencies = (
			);
			name = FlightBookingApp;
			productName = FlightBookingApp;
			productReference = 42016F72217C4280000D0EDD /* FlightBookingApp.app */;
			productType = "com.apple.product-type.application";
		};
		42016F85217C4282000D0EDD /* FlightBookingAppTests */ = {
			isa = PBXNativeTarget;
			buildConfigurationList = 42016F92217C4282000D0EDD /* Build configuration list for PBXNativeTarget "FlightBookingAppTests" */;
			buildPhases = (
				42016F82217C4282000D0EDD /* Sources */,
				42016F83217C4282000D0EDD /* Frameworks */,
				42016F84217C4282000D0EDD /* Resources */,
			);
			buildRules = (
			);
			dependencies = (
				42016F88217C4282000D0EDD /* PBXTargetDependency */,
			);
			name = FlightBookingAppTests;
			productName = FlightBookingAppTests;
			productReference = 42016F86217C4282000D0EDD /* FlightBookingAppTests.xctest */;
			productType = "com.apple.product-type.bundle.unit-test";
		};
/* End PBXNativeTarget section */

/* Begin PBXProject section */
		42016F6A217C4280000D0EDD /* Project object */ = {
			isa = PBXProject;
			attributes = {
				LastSwiftUpdateCheck = 1000;
				LastUpgradeCheck = 1000;
				ORGANIZATIONNAME = RBT;
				TargetAttributes = {
					42016F71217C4280000D0EDD = {
						CreatedOnToolsVersion = 10.0;
					};
					42016F85217C4282000D0EDD = {
						CreatedOnToolsVersion = 10.0;
						TestTargetID = 42016F71217C4280000D0EDD;
					};
				};
			};
			buildConfigurationList = 42016F6D217C4280000D0EDD /* Build configuration list for PBXProject "FlightBookingApp" */;
			compatibilityVersion = "Xcode 9.3";
			developmentRegion = en;
			hasScannedForEncodings = 0;
			knownRegions = (
				en,
				Base,
			);
			mainGroup = 42016F69217C4280000D0EDD;
			productRefGroup = 42016F73217C4280000D0EDD /* Products */;
			projectDirPath = "";
			projectRoot = "";
			targets = (
				42016F71217C4280000D0EDD /* FlightBookingApp */,
				42016F85217C4282000D0EDD /* FlightBookingAppTests */,
			);
		};
/* End PBXProject section */

/* Begin PBXResourcesBuildPhase section */
		42016F70217C4280000D0EDD /* Resources */ = {
			isa = PBXResourcesBuildPhase;
			buildActionMask = 2147483647;
			files = (
				42016F80217C4282000D0EDD /* LaunchScreen.storyboard in Resources */,
				42016F7D217C4282000D0EDD /* Assets.xcassets in Resources */,
				42016F7B217C4280000D0EDD /* Main.storyboard in Resources */,
			);
			runOnlyForDeploymentPostprocessing = 0;
		};
		42016F84217C4282000D0EDD /* Resources */ = {
			isa = PBXResourcesBuildPhase;
			buildActionMask = 2147483647;
			files = (
			);
			runOnlyForDeploymentPostprocessing = 0;
		};
/* End PBXResourcesBuildPhase section */

/* Begin PBXSourcesBuildPhase section */
		42016F6E217C4280000D0EDD /* Sources */ = {
			isa = PBXSourcesBuildPhase;
			buildActionMask = 2147483647;
			files = (
				42016F78217C4280000D0EDD /* ViewController.swift in Sources */,
				42016F76217C4280000D0EDD /* AppDelegate.swift in Sources */,
			);
			runOnlyForDeploymentPostprocessing = 0;
		};
		42016F82217C4282000D0EDD /* Sources */ = {
			isa = PBXSourcesBuildPhase;
			buildActionMask = 2147483647;
			files = (
				42016F8B217C4282000D0EDD /* FlightBookingAppTests.swift in Sources */,
			);
			runOnlyForDeploymentPostprocessing = 0;
		};
/* End PBXSourcesBuildPhase section */

/* Begin PBXTargetDependency section */
		42016F88217C4282000D0EDD /* PBXTargetDependency */ = {
			isa = PBXTargetDependency;
			target = 42016F71217C4280000D0EDD /* FlightBookingApp */;
			targetProxy = 42016F87217C4282000D0EDD /* PBXContainerItemProxy */;
		};
/* End PBXTargetDependency section */

/* Begin PBXVariantGroup section */
		42016F79217C4280000D0EDD /* Main.storyboard */ = {
			isa = PBXVariantGroup;
			children = (
				42016F7A217C4280000D0EDD /* Base */,
			);
			name = Main.storyboard;
			sourceTree = "<group>";
		};
		42016F7E217C4282000D0EDD /* LaunchScreen.storyboard */ = {
			isa = PBXVariantGroup;
			children = (
				42016F7F217C4282000D0EDD /* Base */,
			);
			name = LaunchScreen.storyboard;
			sourceTree = "<group>";
		};
/* End PBXVariantGroup section */

/* Begin XCBuildConfiguration section */
		42016F8D217C4282000D0EDD /* Debug */ = {
			isa = XCBuildConfiguration;
			buildSettings = {
				ALWAYS_SEARCH_USER_PATHS = NO;
				CLANG_ANALYZER_NONNULL = YES;
				CLANG_ANALYZER_NUMBER_OBJECT_CONVERSION = YES_AGGRESSIVE;
				CLANG_CXX_LANGUAGE_STANDARD = "gnu++14";
				CLANG_CXX_LIBRARY = "libc++";
				CLANG_ENABLE_MODULES = YES;
				CLANG_ENABLE_OBJC_ARC = YES;
				CLANG_ENABLE_OBJC_WEAK = YES;
				CLANG_WARN_BLOCK_CAPTURE_AUTORELEASING = YES;
				CLANG_WARN_BOOL_CONVERSION = YES;
				CLANG_WARN_COMMA = YES;
				CLANG_WARN_CONSTANT_CONVERSION = YES;
				CLANG_WARN_DEPRECATED_OBJC_IMPLEMENTATIONS = YES;
				CLANG_WARN_DIRECT_OBJC_ISA_USAGE = YES_ERROR;
				CLANG_WARN_DOCUMENTATION_COMMENTS = YES;
				CLANG_WARN_EMPTY_BODY = YES;
				CLANG_WARN_ENUM_CONVERSION = YES;
				CLANG_WARN_INFINITE_RECURSION = YES;
				CLANG_WARN_INT_CONVERSION = YES;
				CLANG_WARN_NON_LITERAL_NULL_CONVERSION = YES;
				CLANG_WARN_OBJC_IMPLICIT_RETAIN_SELF = YES;
				CLANG_WARN_OBJC_LITERAL_CONVERSION = YES;
				CLANG_WARN_OBJC_ROOT_CLASS = YES_ERROR;
				CLANG_WARN_RANGE_LOOP_ANALYSIS = YES;
				CLANG_WARN_STRICT_PROTOTYPES = YES;
				CLANG_WARN_SUSPICIOUS_MOVE = YES;
				CLANG_WARN_UNGUARDED_AVAILABILITY = YES_AGGRESSIVE;
				CLANG_WARN_UNREACHABLE_CODE = YES;
				CLANG_WARN__DUPLICATE_METHOD_MATCH = YES;
				CODE_SIGN_IDENTITY = "iPhone Developer";
				COPY_PHASE_STRIP = NO;
				DEBUG_INFORMATION_FORMAT = dwarf;
				ENABLE_STRICT_OBJC_MSGSEND = YES;
				ENABLE_TESTABILITY = YES;
				GCC_C_LANGUAGE_STANDARD = gnu11;
				GCC_DYNAMIC_NO_PIC = NO;
				GCC_NO_COMMON_BLOCKS = YES;
				GCC_OPTIMIZATION_LEVEL = 0;
				GCC_PREPROCESSOR_DEFINITIONS = (
					"DEBUG=1",
					"$(inherited)",
				);
				GCC_WARN_64_TO_32_BIT_CONVERSION = YES;
				GCC_WARN_ABOUT_RETURN_TYPE = YES_ERROR;
				GCC_WARN_UNDECLARED_SELECTOR = YES;
				GCC_WARN_UNINITIALIZED_AUTOS = YES_AGGRESSIVE;
				GCC_WARN_UNUSED_FUNCTION = YES;
				GCC_WARN_UNUSED_VARIABLE = YES;
				IPHONEOS_DEPLOYMENT_TARGET = 12.0;
				MTL_ENABLE_DEBUG_INFO = INCLUDE_SOURCE;
				MTL_FAST_MATH = YES;
				ONLY_ACTIVE_ARCH = YES;
				SDKROOT = iphoneos;
				SWIFT_ACTIVE_COMPILATION_CONDITIONS = DEBUG;
				SWIFT_OPTIMIZATION_LEVEL = "-Onone";
			};
			name = Debug;
		};
		42016F8E217C4282000D0EDD /* Release */ = {
			isa = XCBuildConfiguration;
			buildSettings = {
				ALWAYS_SEARCH_USER_PATHS = NO;
				CLANG_ANALYZER_NONNULL = YES;
				CLANG_ANALYZER_NUMBER_OBJECT_CONVERSION = YES_AGGRESSIVE;
				CLANG_CXX_LANGUAGE_STANDARD = "gnu++14";
				CLANG_CXX_LIBRARY = "libc++";
				CLANG_ENABLE_MODULES = YES;
				CLANG_ENABLE_OBJC_ARC = YES;
				CLANG_ENABLE_OBJC_WEAK = YES;
				CLANG_WARN_BLOCK_CAPTURE_AUTORELEASING = YES;
				CLANG_WARN_BOOL_CONVERSION = YES;
				CLANG_WARN_COMMA = YES;
				CLANG_WARN_CONSTANT_CONVERSION = YES;
				CLANG_WARN_DEPRECATED_OBJC_IMPLEMENTATIONS = YES;
				CLANG_WARN_DIRECT_OBJC_ISA_USAGE = YES_ERROR;
				CLANG_WARN_DOCUMENTATION_COMMENTS = YES;
				CLANG_WARN_EMPTY_BODY = YES;
				CLANG_WARN_ENUM_CONVERSION = YES;
				CLANG_WARN_INFINITE_RECURSION = YES;
				CLANG_WARN_INT_CONVERSION = YES;
				CLANG_WARN_NON_LITERAL_NULL_CONVERSION = YES;
				CLANG_WARN_OBJC_IMPLICIT_RETAIN_SELF = YES;
				CLANG_WARN_OBJC_LITERAL_CONVERSION = YES;
				CLANG_WARN_OBJC_ROOT_CLASS = YES_ERROR;
				CLANG_WARN_RANGE_LOOP_ANALYSIS = YES;
				CLANG_WARN_STRICT_PROTOTYPES = YES;
				CLANG_WARN_SUSPICIOUS_MOVE = YES;
				CLANG_WARN_UNGUARDED_AVAILABILITY = YES_AGGRESSIVE;
				CLANG_WARN_UNREACHABLE_CODE = YES;
				CLANG_WARN__DUPLICATE_METHOD_MATCH = YES;
				CODE_SIGN_IDENTITY = "iPhone Developer";
				COPY_PHASE_STRIP = NO;
				DEBUG_INFORMATION_FORMAT = "dwarf-with-dsym";
				ENABLE_NS_ASSERTIONS = NO;
				ENABLE_STRICT_OBJC_MSGSEND = YES;
				GCC_C_LANGUAGE_STANDARD = gnu11;
				GCC_NO_COMMON_BLOCKS = YES;
				GCC_WARN_64_TO_32_BIT_CONVERSION = YES;
				GCC_WARN_ABOUT_RETURN_TYPE = YES_ERROR;
				GCC_WARN_UNDECLARED_SELECTOR = YES;
				GCC_WARN_UNINITIALIZED_AUTOS = YES_AGGRESSIVE;
				GCC_WARN_UNUSED_FUNCTION = YES;
				GCC_WARN_UNUSED_VARIABLE = YES;
				IPHONEOS_DEPLOYMENT_TARGET = 12.0;
				MTL_ENABLE_DEBUG_INFO = NO;
				MTL_FAST_MATH = YES;
				SDKROOT = iphoneos;
				SWIFT_COMPILATION_MODE = wholemodule;
				SWIFT_OPTIMIZATION_LEVEL = "-O";
				VALIDATE_PRODUCT = YES;
			};
			name = Release;
		};
		42016F90217C4282000D0EDD /* Debug */ = {
			isa = XCBuildConfiguration;
			buildSettings = {
				ASSETCATALOG_COMPILER_APPICON_NAME = AppIcon;
				CODE_SIGN_STYLE = Automatic;
				DEVELOPMENT_TEAM = JXSGN9274Q;
				INFOPLIST_FILE = FlightBookingApp/Info.plist;
				LD_RUNPATH_SEARCH_PATHS = (
					"$(inherited)",
					"@executable_path/Frameworks",
				);
				PRODUCT_BUNDLE_IDENTIFIER = com.rbt.FlightBookingApp;
				PRODUCT_NAME = "$(TARGET_NAME)";
				SWIFT_VERSION = 4.2;
				TARGETED_DEVICE_FAMILY = "1,2";
			};
			name = Debug;
		};
		42016F91217C4282000D0EDD /* Release */ = {
			isa = XCBuildConfiguration;
			buildSettings = {
				ASSETCATALOG_COMPILER_APPICON_NAME = AppIcon;
				CODE_SIGN_STYLE = Automatic;
				DEVELOPMENT_TEAM = JXSGN9274Q;
				INFOPLIST_FILE = FlightBookingApp/Info.plist;
				LD_RUNPATH_SEARCH_PATHS = (
					"$(inherited)",
					"@executable_path/Frameworks",
				);
				PRODUCT_BUNDLE_IDENTIFIER = com.rbt.FlightBookingApp;
				PRODUCT_NAME = "$(TARGET_NAME)";
				SWIFT_VERSION = 4.2;
				TARGETED_DEVICE_FAMILY = "1,2";
			};
			name = Release;
		};
		42016F93217C4282000D0EDD /* Debug */ = {
			isa = XCBuildConfiguration;
			buildSettings = {
				ALWAYS_EMBED_SWIFT_STANDARD_LIBRARIES = YES;
				BUNDLE_LOADER = "$(TEST_HOST)";
				CODE_SIGN_STYLE = Automatic;
				DEVELOPMENT_TEAM = JXSGN9274Q;
				INFOPLIST_FILE = FlightBookingAppTests/Info.plist;
				LD_RUNPATH_SEARCH_PATHS = (
					"$(inherited)",
					"@executable_path/Frameworks",
					"@loader_path/Frameworks",
				);
				PRODUCT_BUNDLE_IDENTIFIER = com.rbt.FlightBookingAppTests;
				PRODUCT_NAME = "$(TARGET_NAME)";
				SWIFT_VERSION = 4.2;
				TARGETED_DEVICE_FAMILY = "1,2";
				TEST_HOST = "$(BUILT_PRODUCTS_DIR)/FlightBookingApp.app/FlightBookingApp";
			};
			name = Debug;
		};
		42016F94217C4282000D0EDD /* Release */ = {
			isa = XCBuildConfiguration;
			buildSettings = {
				ALWAYS_EMBED_SWIFT_STANDARD_LIBRARIES = YES;
				BUNDLE_LOADER = "$(TEST_HOST)";
				CODE_SIGN_STYLE = Automatic;
				DEVELOPMENT_TEAM = JXSGN9274Q;
				INFOPLIST_FILE = FlightBookingAppTests/Info.plist;
				LD_RUNPATH_SEARCH_PATHS = (
					"$(inherited)",
					"@executable_path/Frameworks",
					"@loader_path/Frameworks",
				);
				PRODUCT_BUNDLE_IDENTIFIER = com.rbt.FlightBookingAppTests;
				PRODUCT_NAME = "$(TARGET_NAME)";
				SWIFT_VERSION = 4.2;
				TARGETED_DEVICE_FAMILY = "1,2";
				TEST_HOST = "$(BUILT_PRODUCTS_DIR)/FlightBookingApp.app/FlightBookingApp";
			};
			name = Release;
		};
/* End XCBuildConfiguration section */

/* Begin XCConfigurationList section */
		42016F6D217C4280000D0EDD /* Build configuration list for PBXProject "FlightBookingApp" */ = {
			isa = XCConfigurationList;
			buildConfigurations = (
				42016F8D217C4282000D0EDD /* Debug */,
				42016F8E217C4282000D0EDD /* Release */,
			);
			defaultConfigurationIsVisible = 0;
			defaultConfigurationName = Release;
		};
		42016F8F217C4282000D0EDD /* Build configuration list for PBXNativeTarget "FlightBookingApp" */ = {
			isa = XCConfigurationList;
			buildConfigurations = (
				42016F90217C4282000D0EDD /* Debug */,
				42016F91217C4282000D0EDD /* Release */,
			);
			defaultConfigurationIsVisible = 0;
			defaultConfigurationName = Release;
		};
		42016F92217C4282000D0EDD /* Build configuration list for PBXNativeTarget "FlightBookingAppTests" */ = {
			isa = XCConfigurationList;
			buildConfigurations = (
				42016F93217C4282000D0EDD /* Debug */,
				42016F94217C4282000D0EDD /* Release */,
			);
			defaultConfigurationIsVisible = 0;
			defaultConfigurationName = Release;
		};
/* End XCConfigurationList section */
	};
	rootObject = 42016F6A217C4280000D0EDD /* Project object */;
}
